
Microsoft Visual Studio Solution File, Format Version 12.00
# Visual Studio Version 17
VisualStudioVersion = 17.14.36212.18
MinimumVisualStudioVersion = 10.0.40219.1
Project("{FAE04EC0-301F-11D3-BF4B-00C04F79EFBC}") = "HeavyStringFiltering.WebApi", "HeavyStringFiltering.WebApi\HeavyStringFiltering.WebApi.csproj", "{AA85C9C2-13E4-41A3-84C7-E3196AF4B540}"
EndProject
Project("{FAE04EC0-301F-11D3-BF4B-00C04F79EFBC}") = "HeavyStringFiltering.Business", "HeavyStringFiltering.Business\HeavyStringFiltering.Business.csproj", "{0739E712-6FD1-4F37-A717-D3947B55309E}"
EndProject
Project("{FAE04EC0-301F-11D3-BF4B-00C04F79EFBC}") = "HeavyStringFiltering.DataAccess", "HeavyStringFiltering.DataAccess\HeavyStringFiltering.DataAccess.csproj", "{C24EC31F-2732-4C6E-B1E9-FEFBCF74D3F1}"
EndProject
Project("{FAE04EC0-301F-11D3-BF4B-00C04F79EFBC}") = "HeavyStringFiltering.Business.Tests", "HeavyStringFiltering.Business.Tests\HeavyStringFiltering.Business.Tests.csproj", "{232B522A-4F12-40CC-AC68-2379092D9E7E}"
EndProject
Global
	GlobalSection(SolutionConfigurationPlatforms) = preSolution
		Debug|Any CPU = Debug|Any CPU
		Release|Any CPU = Release|Any CPU
	EndGlobalSection
	GlobalSection(ProjectConfigurationPlatforms) = postSolution
		{AA85C9C2-13E4-41A3-84C7-E3196AF4B540}.Debug|Any CPU.ActiveCfg = Debug|Any CPU
		{AA85C9C2-13E4-41A3-84C7-E3196AF4B540}.Debug|Any CPU.Build.0 = Debug|Any CPU
		{AA85C9C2-13E4-41A3-84C7-E3196AF4B540}.Release|Any CPU.ActiveCfg = Release|Any CPU
		{AA85C9C2-13E4-41A3-84C7-E3196AF4B540}.Release|Any CPU.Build.0 = Release|Any CPU
		{0739E712-6FD1-4F37-A717-D3947B55309E}.Debug|Any CPU.ActiveCfg = Debug|Any CPU
		{0739E712-6FD1-4F37-A717-D3947B55309E}.Debug|Any CPU.Build.0 = Debug|Any CPU
		{0739E712-6FD1-4F37-A717-D3947B55309E}.Release|Any CPU.ActiveCfg = Release|Any CPU
		{0739E712-6FD1-4F37-A717-D3947B55309E}.Release|Any CPU.Build.0 = Release|Any CPU
		{C24EC31F-2732-4C6E-B1E9-FEFBCF74D3F1}.Debug|Any CPU.ActiveCfg = Debug|Any CPU
		{C24EC31F-2732-4C6E-B1E9-FEFBCF74D3F1}.Debug|Any CPU.Build.0 = Debug|Any CPU
		{C24EC31F-2732-4C6E-B1E9-FEFBCF74D3F1}.Release|Any CPU.ActiveCfg = Release|Any CPU
		{C24EC31F-2732-4C6E-B1E9-FEFBCF74D3F1}.Release|Any CPU.Build.0 = Release|Any CPU
		{232B522A-4F12-40CC-AC68-2379092D9E7E}.Debug|Any CPU.ActiveCfg = Debug|Any CPU
		{232B522A-4F12-40CC-AC68-2379092D9E7E}.Debug|Any CPU.Build.0 = Debug|Any CPU
		{232B522A-4F12-40CC-AC68-2379092D9E7E}.Release|Any CPU.ActiveCfg = Release|Any CPU
		{232B522A-4F12-40CC-AC68-2379092D9E7E}.Release|Any CPU.Build.0 = Release|Any CPU
	EndGlobalSection
	GlobalSection(SolutionProperties) = preSolution
		HideSolutionNode = FALSE
	EndGlobalSection
	GlobalSection(ExtensibilityGlobals) = postSolution
		SolutionGuid = {F62BDA3E-491B-4225-85E2-111455EA474D}
	EndGlobalSection
EndGlobal
